imageio==2.37.4
lazy-loader==0.5
manifold3d==3.5.2
msvc-runtime==14.44.35112 ; sys_platform == 'win32'
networkx==3.6.1
numpy==2.5.2
opencv-python==5.0.0.93
packaging==26.3
pillow==12.3.0
psutil==7.2.2
rtree==1.4.1
scikit-image==0.26.0
scipy==1.18.1
tifffile==2026.8.23
trimesh==5.1.0
typing-extensions==4.16.0
